
Microsoft Visual Studio Solution File, Format Version 12.00
# Visual Studio Version 16
VisualStudioVersion = 16.0.30611.23
MinimumVisualStudioVersion = 10.0.40219.1
Project("{FAE04EC0-301F-11D3-BF4B-00C04F79EFBC}") = "AzureSQLSharePoint", "AzureSQLSharePoint.csproj", "{73E880A0-792D-4106-91C0-AF9E2CF1AE02}"
EndProject
Global
	GlobalSection(SolutionConfigurationPlatforms) = preSolution
		Debug|Any CPU = Debug|Any CPU
		Release|Any CPU = Release|Any CPU
	EndGlobalSection
	GlobalSection(ProjectConfigurationPlatforms) = postSolution
		{73E880A0-792D-4106-91C0-AF9E2CF1AE02}.Debug|Any CPU.ActiveCfg = Debug|Any CPU
		{73E880A0-792D-4106-91C0-AF9E2CF1AE02}.Debug|Any CPU.Build.0 = Debug|Any CPU
		{73E880A0-792D-4106-91C0-AF9E2CF1AE02}.Release|Any CPU.ActiveCfg = Release|Any CPU
		{73E880A0-792D-4106-91C0-AF9E2CF1AE02}.Release|Any CPU.Build.0 = Release|Any CPU
	EndGlobalSection
	GlobalSection(SolutionProperties) = preSolution
		HideSolutionNode = FALSE
	EndGlobalSection
	GlobalSection(ExtensibilityGlobals) = postSolution
		SolutionGuid = {BF5ABFE9-9077-4932-9BD2-93EB4C53F62A}
	EndGlobalSection
EndGlobal
